
Microsoft Visual Studio Solution File, Format Version 12.00
# Visual Studio Version 17
VisualStudioVersion = 17.7.34202.233
MinimumVisualStudioVersion = 10.0.40219.1
Project("{FAE04EC0-301F-11D3-BF4B-00C04F79EFBC}") = "AutoCode.Presentation", "AutoCode.Presentation\AutoCode.Presentation.csproj", "{FA3ADF56-B290-4CF2-95DC-D66555A43B4D}"
EndProject
Global
	GlobalSection(SolutionConfigurationPlatforms) = preSolution
		Debug|Any CPU = Debug|Any CPU
		Release|Any CPU = Release|Any CPU
	EndGlobalSection
	GlobalSection(ProjectConfigurationPlatforms) = postSolution
		{FA3ADF56-B290-4CF2-95DC-D66555A43B4D}.Debug|Any CPU.ActiveCfg = Debug|Any CPU
		{FA3ADF56-B290-4CF2-95DC-D66555A43B4D}.Debug|Any CPU.Build.0 = Debug|Any CPU
		{FA3ADF56-B290-4CF2-95DC-D66555A43B4D}.Release|Any CPU.ActiveCfg = Release|Any CPU
		{FA3ADF56-B290-4CF2-95DC-D66555A43B4D}.Release|Any CPU.Build.0 = Release|Any CPU
	EndGlobalSection
	GlobalSection(SolutionProperties) = preSolution
		HideSolutionNode = FALSE
	EndGlobalSection
	GlobalSection(ExtensibilityGlobals) = postSolution
		SolutionGuid = {2AEA15CC-99D8-4E43-BAB3-8BD358E02AB8}
	EndGlobalSection
EndGlobal
